
Microsoft Visual Studio Solution File, Format Version 12.00
# Visual Studio Version 17
VisualStudioVersion = 17.4.33103.184
MinimumVisualStudioVersion = 10.0.40219.1
Project("{FAE04EC0-301F-11D3-BF4B-00C04F79EFBC}") = "karatravas", "karatravas\karatravas.csproj", "{4CB603A1-B155-45C6-B40A-A28FCF3223F5}"
EndProject
Global
	GlobalSection(SolutionConfigurationPlatforms) = preSolution
		Debug|Any CPU = Debug|Any CPU
		Release|Any CPU = Release|Any CPU
	EndGlobalSection
	GlobalSection(ProjectConfigurationPlatforms) = postSolution
		{4CB603A1-B155-45C6-B40A-A28FCF3223F5}.Debug|Any CPU.ActiveCfg = Debug|Any CPU
		{4CB603A1-B155-45C6-B40A-A28FCF3223F5}.Debug|Any CPU.Build.0 = Debug|Any CPU
		{4CB603A1-B155-45C6-B40A-A28FCF3223F5}.Release|Any CPU.ActiveCfg = Release|Any CPU
		{4CB603A1-B155-45C6-B40A-A28FCF3223F5}.Release|Any CPU.Build.0 = Release|Any CPU
	EndGlobalSection
	GlobalSection(SolutionProperties) = preSolution
		HideSolutionNode = FALSE
	EndGlobalSection
	GlobalSection(ExtensibilityGlobals) = postSolution
		SolutionGuid = {8C65AEED-6735-4BA0-883D-ACCB3F92AEEA}
	EndGlobalSection
EndGlobal
