
Microsoft Visual Studio Solution File, Format Version 12.00
# Visual Studio Version 17
VisualStudioVersion = 17.4.33103.184
MinimumVisualStudioVersion = 10.0.40219.1
Project("{FAE04EC0-301F-11D3-BF4B-00C04F79EFBC}") = "Hangman", "Hangman\Hangman.csproj", "{7BE56922-8C99-4DB3-B935-4D8B1C604062}"
EndProject
Global
	GlobalSection(SolutionConfigurationPlatforms) = preSolution
		Debug|Any CPU = Debug|Any CPU
		Release|Any CPU = Release|Any CPU
	EndGlobalSection
	GlobalSection(ProjectConfigurationPlatforms) = postSolution
		{7BE56922-8C99-4DB3-B935-4D8B1C604062}.Debug|Any CPU.ActiveCfg = Debug|Any CPU
		{7BE56922-8C99-4DB3-B935-4D8B1C604062}.Debug|Any CPU.Build.0 = Debug|Any CPU
		{7BE56922-8C99-4DB3-B935-4D8B1C604062}.Release|Any CPU.ActiveCfg = Release|Any CPU
		{7BE56922-8C99-4DB3-B935-4D8B1C604062}.Release|Any CPU.Build.0 = Release|Any CPU
	EndGlobalSection
	GlobalSection(SolutionProperties) = preSolution
		HideSolutionNode = FALSE
	EndGlobalSection
	GlobalSection(ExtensibilityGlobals) = postSolution
		SolutionGuid = {68B6B5D2-1F00-49EF-B266-B730395B5E87}
	EndGlobalSection
EndGlobal
